
Microsoft Visual Studio Solution File, Format Version 12.00
# Visual Studio Version 17
VisualStudioVersion = 17.13.35931.197
MinimumVisualStudioVersion = 10.0.40219.1
Project("{FAE04EC0-301F-11D3-BF4B-00C04F79EFBC}") = "SyntaxWinApp01", "SyntaxWinApp01\SyntaxWinApp01.csproj", "{F6452911-EDEA-4481-A43C-CD16BF99CD4D}"
EndProject
Project("{FAE04EC0-301F-11D3-BF4B-00C04F79EFBC}") = "SyntaxWinApp02", "SyntaxWinApp02\SyntaxWinApp02.csproj", "{07A1355E-B0F7-40CD-A69B-B5A99E611007}"
EndProject
Project("{FAE04EC0-301F-11D3-BF4B-00C04F79EFBC}") = "SyntaxWinApp03", "SyntaxWinApp03\SyntaxWinApp03.csproj", "{B0A57748-B1C7-420C-9E32-013B3D3845BA}"
EndProject
Global
	GlobalSection(SolutionConfigurationPlatforms) = preSolution
		Debug|Any CPU = Debug|Any CPU
		Release|Any CPU = Release|Any CPU
	EndGlobalSection
	GlobalSection(ProjectConfigurationPlatforms) = postSolution
		{F6452911-EDEA-4481-A43C-CD16BF99CD4D}.Debug|Any CPU.ActiveCfg = Debug|Any CPU
		{F6452911-EDEA-4481-A43C-CD16BF99CD4D}.Debug|Any CPU.Build.0 = Debug|Any CPU
		{F6452911-EDEA-4481-A43C-CD16BF99CD4D}.Release|Any CPU.ActiveCfg = Release|Any CPU
		{F6452911-EDEA-4481-A43C-CD16BF99CD4D}.Release|Any CPU.Build.0 = Release|Any CPU
		{07A1355E-B0F7-40CD-A69B-B5A99E611007}.Debug|Any CPU.ActiveCfg = Debug|Any CPU
		{07A1355E-B0F7-40CD-A69B-B5A99E611007}.Debug|Any CPU.Build.0 = Debug|Any CPU
		{07A1355E-B0F7-40CD-A69B-B5A99E611007}.Release|Any CPU.ActiveCfg = Release|Any CPU
		{07A1355E-B0F7-40CD-A69B-B5A99E611007}.Release|Any CPU.Build.0 = Release|Any CPU
		{B0A57748-B1C7-420C-9E32-013B3D3845BA}.Debug|Any CPU.ActiveCfg = Debug|Any CPU
		{B0A57748-B1C7-420C-9E32-013B3D3845BA}.Debug|Any CPU.Build.0 = Debug|Any CPU
		{B0A57748-B1C7-420C-9E32-013B3D3845BA}.Release|Any CPU.ActiveCfg = Release|Any CPU
		{B0A57748-B1C7-420C-9E32-013B3D3845BA}.Release|Any CPU.Build.0 = Release|Any CPU
	EndGlobalSection
	GlobalSection(SolutionProperties) = preSolution
		HideSolutionNode = FALSE
	EndGlobalSection
	GlobalSection(ExtensibilityGlobals) = postSolution
		SolutionGuid = {2C77D851-5BC4-447B-ADAD-D8279C8EF127}
	EndGlobalSection
EndGlobal
