
Microsoft Visual Studio Solution File, Format Version 12.00
# Visual Studio Version 17
VisualStudioVersion = 17.13.35818.85
MinimumVisualStudioVersion = 10.0.40219.1
Project("{FAE04EC0-301F-11D3-BF4B-00C04F79EFBC}") = "WpfStudyApp01", "WpfStudyApp01\WpfStudyApp01.csproj", "{29A3E63A-77A7-4844-8867-E06F7701C008}"
EndProject
Project("{FAE04EC0-301F-11D3-BF4B-00C04F79EFBC}") = "WpfStudyApp02", "WpfSudyApp02\WpfStudyApp02.csproj", "{75216898-A471-4244-BDA1-25D2B2F9F6FD}"
EndProject
Project("{FAE04EC0-301F-11D3-BF4B-00C04F79EFBC}") = "WpfStudyApp03", "WpfStudyApp03\WpfStudyApp03.csproj", "{929E7AA0-0BCF-4E2F-BDEF-FAD8E30C05D0}"
EndProject
Project("{FAE04EC0-301F-11D3-BF4B-00C04F79EFBC}") = "WpfStudyApp04", "WpfStudyApp04\WpfStudyApp04.csproj", "{01C560BE-EF50-4A42-B681-A385B44C2C52}"
EndProject
Global
	GlobalSection(SolutionConfigurationPlatforms) = preSolution
		Debug|Any CPU = Debug|Any CPU
		Release|Any CPU = Release|Any CPU
	EndGlobalSection
	GlobalSection(ProjectConfigurationPlatforms) = postSolution
		{29A3E63A-77A7-4844-8867-E06F7701C008}.Debug|Any CPU.ActiveCfg = Debug|Any CPU
		{29A3E63A-77A7-4844-8867-E06F7701C008}.Debug|Any CPU.Build.0 = Debug|Any CPU
		{29A3E63A-77A7-4844-8867-E06F7701C008}.Release|Any CPU.ActiveCfg = Release|Any CPU
		{29A3E63A-77A7-4844-8867-E06F7701C008}.Release|Any CPU.Build.0 = Release|Any CPU
		{75216898-A471-4244-BDA1-25D2B2F9F6FD}.Debug|Any CPU.ActiveCfg = Debug|Any CPU
		{75216898-A471-4244-BDA1-25D2B2F9F6FD}.Debug|Any CPU.Build.0 = Debug|Any CPU
		{75216898-A471-4244-BDA1-25D2B2F9F6FD}.Release|Any CPU.ActiveCfg = Release|Any CPU
		{75216898-A471-4244-BDA1-25D2B2F9F6FD}.Release|Any CPU.Build.0 = Release|Any CPU
		{929E7AA0-0BCF-4E2F-BDEF-FAD8E30C05D0}.Debug|Any CPU.ActiveCfg = Debug|Any CPU
		{929E7AA0-0BCF-4E2F-BDEF-FAD8E30C05D0}.Debug|Any CPU.Build.0 = Debug|Any CPU
		{929E7AA0-0BCF-4E2F-BDEF-FAD8E30C05D0}.Release|Any CPU.ActiveCfg = Release|Any CPU
		{929E7AA0-0BCF-4E2F-BDEF-FAD8E30C05D0}.Release|Any CPU.Build.0 = Release|Any CPU
		{01C560BE-EF50-4A42-B681-A385B44C2C52}.Debug|Any CPU.ActiveCfg = Debug|Any CPU
		{01C560BE-EF50-4A42-B681-A385B44C2C52}.Debug|Any CPU.Build.0 = Debug|Any CPU
		{01C560BE-EF50-4A42-B681-A385B44C2C52}.Release|Any CPU.ActiveCfg = Release|Any CPU
		{01C560BE-EF50-4A42-B681-A385B44C2C52}.Release|Any CPU.Build.0 = Release|Any CPU
	EndGlobalSection
	GlobalSection(SolutionProperties) = preSolution
		HideSolutionNode = FALSE
	EndGlobalSection
	GlobalSection(ExtensibilityGlobals) = postSolution
		SolutionGuid = {3B732C3C-3137-48CC-8A72-72968948941A}
	EndGlobalSection
EndGlobal
