
Microsoft Visual Studio Solution File, Format Version 12.00
# Visual Studio Version 17
VisualStudioVersion = 17.13.35931.197 d17.13
MinimumVisualStudioVersion = 10.0.40219.1
Project("{FAE04EC0-301F-11D3-BF4B-00C04F79EFBC}") = "SyntaxWinApp01", "SyntaxWinApp01\SyntaxWinApp01.csproj", "{15F80366-50CD-4738-B4B9-8E6F7967C6C1}"
EndProject
Project("{FAE04EC0-301F-11D3-BF4B-00C04F79EFBC}") = "SyntaxWinApp02", "SyntaxWinApp02\SyntaxWinApp02.csproj", "{C97B25D8-4D2B-4F02-9EAB-05AC3A9A45A4}"
EndProject
Project("{FAE04EC0-301F-11D3-BF4B-00C04F79EFBC}") = "SyntaxWinApp03", "SyntaxWinApp03\SyntaxWinApp03.csproj", "{3C456ACC-14AF-43A5-8B92-FAEC43E51875}"
EndProject
Global
	GlobalSection(SolutionConfigurationPlatforms) = preSolution
		Debug|Any CPU = Debug|Any CPU
		Release|Any CPU = Release|Any CPU
	EndGlobalSection
	GlobalSection(ProjectConfigurationPlatforms) = postSolution
		{15F80366-50CD-4738-B4B9-8E6F7967C6C1}.Debug|Any CPU.ActiveCfg = Debug|Any CPU
		{15F80366-50CD-4738-B4B9-8E6F7967C6C1}.Debug|Any CPU.Build.0 = Debug|Any CPU
		{15F80366-50CD-4738-B4B9-8E6F7967C6C1}.Release|Any CPU.ActiveCfg = Release|Any CPU
		{15F80366-50CD-4738-B4B9-8E6F7967C6C1}.Release|Any CPU.Build.0 = Release|Any CPU
		{C97B25D8-4D2B-4F02-9EAB-05AC3A9A45A4}.Debug|Any CPU.ActiveCfg = Debug|Any CPU
		{C97B25D8-4D2B-4F02-9EAB-05AC3A9A45A4}.Debug|Any CPU.Build.0 = Debug|Any CPU
		{C97B25D8-4D2B-4F02-9EAB-05AC3A9A45A4}.Release|Any CPU.ActiveCfg = Release|Any CPU
		{C97B25D8-4D2B-4F02-9EAB-05AC3A9A45A4}.Release|Any CPU.Build.0 = Release|Any CPU
		{3C456ACC-14AF-43A5-8B92-FAEC43E51875}.Debug|Any CPU.ActiveCfg = Debug|Any CPU
		{3C456ACC-14AF-43A5-8B92-FAEC43E51875}.Debug|Any CPU.Build.0 = Debug|Any CPU
		{3C456ACC-14AF-43A5-8B92-FAEC43E51875}.Release|Any CPU.ActiveCfg = Release|Any CPU
		{3C456ACC-14AF-43A5-8B92-FAEC43E51875}.Release|Any CPU.Build.0 = Release|Any CPU
	EndGlobalSection
	GlobalSection(SolutionProperties) = preSolution
		HideSolutionNode = FALSE
	EndGlobalSection
	GlobalSection(ExtensibilityGlobals) = postSolution
		SolutionGuid = {769B3A00-D4A7-4CAC-822C-1498F0611C7F}
	EndGlobalSection
EndGlobal
